
Microsoft Visual Studio Solution File, Format Version 12.00
# Visual Studio 2012
Project("{FAE04EC0-301F-11D3-BF4B-00C04F79EFBC}") = "sdffsddasaaaaaa", "sdffsddasaaaaaa\sdffsddasaaaaaa.csproj", "{A59770E4-BC9D-4531-B8B0-12453DD4A73E}"
EndProject
Project("{FAE04EC0-301F-11D3-BF4B-00C04F79EFBC}") = "sdffsddasaaaaaa.UITests", "sdffsddasaaaaaa.UITests\sdffsddasaaaaaa.UITests.csproj", "{CEDFC4D2-3DBC-4901-8645-687CC7D2BCC9}"
EndProject
Global
	GlobalSection(SolutionConfigurationPlatforms) = preSolution
		Debug|Any CPU = Debug|Any CPU
		Release|Any CPU = Release|Any CPU
	EndGlobalSection
	GlobalSection(ProjectConfigurationPlatforms) = postSolution
		{A59770E4-BC9D-4531-B8B0-12453DD4A73E}.Debug|Any CPU.ActiveCfg = Debug|Any CPU
		{A59770E4-BC9D-4531-B8B0-12453DD4A73E}.Debug|Any CPU.Build.0 = Debug|Any CPU
		{A59770E4-BC9D-4531-B8B0-12453DD4A73E}.Release|Any CPU.ActiveCfg = Release|Any CPU
		{A59770E4-BC9D-4531-B8B0-12453DD4A73E}.Release|Any CPU.Build.0 = Release|Any CPU
		{CEDFC4D2-3DBC-4901-8645-687CC7D2BCC9}.Debug|Any CPU.ActiveCfg = Debug|Any CPU
		{CEDFC4D2-3DBC-4901-8645-687CC7D2BCC9}.Debug|Any CPU.Build.0 = Debug|Any CPU
		{CEDFC4D2-3DBC-4901-8645-687CC7D2BCC9}.Release|Any CPU.ActiveCfg = Release|Any CPU
		{CEDFC4D2-3DBC-4901-8645-687CC7D2BCC9}.Release|Any CPU.Build.0 = Release|Any CPU
	EndGlobalSection
EndGlobal
